
Microsoft Visual Studio Solution File, Format Version 12.00
# Visual Studio Version 17
VisualStudioVersion = 17.3.32825.248
MinimumVisualStudioVersion = 10.0.40219.1
Project("{9A19103F-16F7-4668-BE54-9A1E7A4F7556}") = "NLayer.Core", "NLayer.Core\NLayer.Core.csproj", "{35168F9C-267E-439D-907A-B122D6744E3A}"
EndProject
Project("{9A19103F-16F7-4668-BE54-9A1E7A4F7556}") = "NLayer.Repository", "NLayer.Repository\NLayer.Repository.csproj", "{F7D2475A-CAAF-4E46-A293-DF0F4ED18BD1}"
EndProject
Project("{9A19103F-16F7-4668-BE54-9A1E7A4F7556}") = "NLayer.Service", "NLayer.Service\NLayer.Service.csproj", "{706FC898-329B-4DAD-B8B1-4A779E98B967}"
EndProject
Project("{9A19103F-16F7-4668-BE54-9A1E7A4F7556}") = "NLayer.Web", "NLayer.Web\NLayer.Web.csproj", "{55501C8C-FDC4-4636-BD2D-63C4D0CD6FAA}"
EndProject
Global
	GlobalSection(SolutionConfigurationPlatforms) = preSolution
		Debug|Any CPU = Debug|Any CPU
		Release|Any CPU = Release|Any CPU
	EndGlobalSection
	GlobalSection(ProjectConfigurationPlatforms) = postSolution
		{35168F9C-267E-439D-907A-B122D6744E3A}.Debug|Any CPU.ActiveCfg = Debug|Any CPU
		{35168F9C-267E-439D-907A-B122D6744E3A}.Debug|Any CPU.Build.0 = Debug|Any CPU
		{35168F9C-267E-439D-907A-B122D6744E3A}.Release|Any CPU.ActiveCfg = Release|Any CPU
		{35168F9C-267E-439D-907A-B122D6744E3A}.Release|Any CPU.Build.0 = Release|Any CPU
		{F7D2475A-CAAF-4E46-A293-DF0F4ED18BD1}.Debug|Any CPU.ActiveCfg = Debug|Any CPU
		{F7D2475A-CAAF-4E46-A293-DF0F4ED18BD1}.Debug|Any CPU.Build.0 = Debug|Any CPU
		{F7D2475A-CAAF-4E46-A293-DF0F4ED18BD1}.Release|Any CPU.ActiveCfg = Release|Any CPU
		{F7D2475A-CAAF-4E46-A293-DF0F4ED18BD1}.Release|Any CPU.Build.0 = Release|Any CPU
		{706FC898-329B-4DAD-B8B1-4A779E98B967}.Debug|Any CPU.ActiveCfg = Debug|Any CPU
		{706FC898-329B-4DAD-B8B1-4A779E98B967}.Debug|Any CPU.Build.0 = Debug|Any CPU
		{706FC898-329B-4DAD-B8B1-4A779E98B967}.Release|Any CPU.ActiveCfg = Release|Any CPU
		{706FC898-329B-4DAD-B8B1-4A779E98B967}.Release|Any CPU.Build.0 = Release|Any CPU
		{63FBBA4E-31F7-488F-B09E-873621AAFD10}.Debug|Any CPU.ActiveCfg = Debug|Any CPU
		{63FBBA4E-31F7-488F-B09E-873621AAFD10}.Debug|Any CPU.Build.0 = Debug|Any CPU
		{63FBBA4E-31F7-488F-B09E-873621AAFD10}.Release|Any CPU.ActiveCfg = Release|Any CPU
		{63FBBA4E-31F7-488F-B09E-873621AAFD10}.Release|Any CPU.Build.0 = Release|Any CPU
		{55501C8C-FDC4-4636-BD2D-63C4D0CD6FAA}.Debug|Any CPU.ActiveCfg = Debug|Any CPU
		{55501C8C-FDC4-4636-BD2D-63C4D0CD6FAA}.Debug|Any CPU.Build.0 = Debug|Any CPU
		{55501C8C-FDC4-4636-BD2D-63C4D0CD6FAA}.Release|Any CPU.ActiveCfg = Release|Any CPU
		{55501C8C-FDC4-4636-BD2D-63C4D0CD6FAA}.Release|Any CPU.Build.0 = Release|Any CPU
	EndGlobalSection
	GlobalSection(SolutionProperties) = preSolution
		HideSolutionNode = FALSE
	EndGlobalSection
	GlobalSection(ExtensibilityGlobals) = postSolution
		SolutionGuid = {DFC62AAA-6BC9-418F-8A9A-6867F93D6538}
	EndGlobalSection
EndGlobal
